
Microsoft Visual Studio Solution File, Format Version 12.00
# Visual Studio Version 16
VisualStudioVersion = 16.0.29806.167
MinimumVisualStudioVersion = 10.0.40219.1
Project("{FAE04EC0-301F-11D3-BF4B-00C04F79EFBC}") = "WolcenSaveEditor", "WolcenSaveEditor\WolcenSaveEditor.csproj", "{E2798D37-59BD-453B-8446-DAE7FC4F527F}"
EndProject
Project("{FAE04EC0-301F-11D3-BF4B-00C04F79EFBC}") = "SaveEditorTest", "SaveEditorTest\SaveEditorTest.csproj", "{853508A8-C271-4E93-9F38-663EAEE0BD0F}"
EndProject
Project("{FAE04EC0-301F-11D3-BF4B-00C04F79EFBC}") = "WolcenFileManagers", "WolcenFileManagers\WolcenFileManagers.csproj", "{33CF1C19-07B8-45C9-9A47-8889F1228E0F}"
EndProject
Global
	GlobalSection(SolutionConfigurationPlatforms) = preSolution
		Debug|Any CPU = Debug|Any CPU
		Release|Any CPU = Release|Any CPU
	EndGlobalSection
	GlobalSection(ProjectConfigurationPlatforms) = postSolution
		{E2798D37-59BD-453B-8446-DAE7FC4F527F}.Debug|Any CPU.ActiveCfg = Debug|Any CPU
		{E2798D37-59BD-453B-8446-DAE7FC4F527F}.Debug|Any CPU.Build.0 = Debug|Any CPU
		{E2798D37-59BD-453B-8446-DAE7FC4F527F}.Release|Any CPU.ActiveCfg = Release|Any CPU
		{E2798D37-59BD-453B-8446-DAE7FC4F527F}.Release|Any CPU.Build.0 = Release|Any CPU
		{853508A8-C271-4E93-9F38-663EAEE0BD0F}.Debug|Any CPU.ActiveCfg = Debug|Any CPU
		{853508A8-C271-4E93-9F38-663EAEE0BD0F}.Debug|Any CPU.Build.0 = Debug|Any CPU
		{853508A8-C271-4E93-9F38-663EAEE0BD0F}.Release|Any CPU.ActiveCfg = Release|Any CPU
		{853508A8-C271-4E93-9F38-663EAEE0BD0F}.Release|Any CPU.Build.0 = Release|Any CPU
		{33CF1C19-07B8-45C9-9A47-8889F1228E0F}.Debug|Any CPU.ActiveCfg = Debug|Any CPU
		{33CF1C19-07B8-45C9-9A47-8889F1228E0F}.Debug|Any CPU.Build.0 = Debug|Any CPU
		{33CF1C19-07B8-45C9-9A47-8889F1228E0F}.Release|Any CPU.ActiveCfg = Release|Any CPU
		{33CF1C19-07B8-45C9-9A47-8889F1228E0F}.Release|Any CPU.Build.0 = Release|Any CPU
	EndGlobalSection
	GlobalSection(SolutionProperties) = preSolution
		HideSolutionNode = FALSE
	EndGlobalSection
	GlobalSection(ExtensibilityGlobals) = postSolution
		SolutionGuid = {DE8B234D-F6B5-448D-83C2-AA8EF4146EFC}
	EndGlobalSection
EndGlobal
